
Microsoft Visual Studio Solution File, Format Version 12.00
# Visual Studio Version 17
VisualStudioVersion = 17.10.34928.147
MinimumVisualStudioVersion = 10.0.40219.1
Project("{FAE04EC0-301F-11D3-BF4B-00C04F79EFBC}") = "ConsoleApp2", "ConsoleApp2\ConsoleApp2.csproj", "{0293DE86-A5AC-4B7F-9456-63C83B7FA93B}"
EndProject
Global
	GlobalSection(SolutionConfigurationPlatforms) = preSolution
		Debug|Any CPU = Debug|Any CPU
		Release|Any CPU = Release|Any CPU
	EndGlobalSection
	GlobalSection(ProjectConfigurationPlatforms) = postSolution
		{0293DE86-A5AC-4B7F-9456-63C83B7FA93B}.Debug|Any CPU.ActiveCfg = Debug|Any CPU
		{0293DE86-A5AC-4B7F-9456-63C83B7FA93B}.Debug|Any CPU.Build.0 = Debug|Any CPU
		{0293DE86-A5AC-4B7F-9456-63C83B7FA93B}.Release|Any CPU.ActiveCfg = Release|Any CPU
		{0293DE86-A5AC-4B7F-9456-63C83B7FA93B}.Release|Any CPU.Build.0 = Release|Any CPU
	EndGlobalSection
	GlobalSection(SolutionProperties) = preSolution
		HideSolutionNode = FALSE
	EndGlobalSection
	GlobalSection(ExtensibilityGlobals) = postSolution
		SolutionGuid = {18EF2A2A-076F-497A-9609-46F5E316E37D}
	EndGlobalSection
EndGlobal
